
Microsoft Visual Studio Solution File, Format Version 12.00
# Visual Studio Version 16
VisualStudioVersion = 16.0.31729.503
MinimumVisualStudioVersion = 10.0.40219.1
Project("{FAE04EC0-301F-11D3-BF4B-00C04F79EFBC}") = "MgSoftDev.Controls.WPF", "MgSoftDev.Controls.WPF\MgSoftDev.Controls.WPF.csproj", "{FEB9E362-A528-45E6-8EC5-5EBC6241BC50}"
EndProject
Project("{FAE04EC0-301F-11D3-BF4B-00C04F79EFBC}") = "MgSoftDev.Controls.Wpf.Example", "MgSoftDev.Controls.Wpf.Example\MgSoftDev.Controls.Wpf.Example.csproj", "{A50463C1-3C21-4F94-AE66-950F95BB9741}"
EndProject
Global
	GlobalSection(SolutionConfigurationPlatforms) = preSolution
		Debug|Any CPU = Debug|Any CPU
		Release|Any CPU = Release|Any CPU
	EndGlobalSection
	GlobalSection(ProjectConfigurationPlatforms) = postSolution
		{FEB9E362-A528-45E6-8EC5-5EBC6241BC50}.Debug|Any CPU.ActiveCfg = Debug|Any CPU
		{FEB9E362-A528-45E6-8EC5-5EBC6241BC50}.Debug|Any CPU.Build.0 = Debug|Any CPU
		{FEB9E362-A528-45E6-8EC5-5EBC6241BC50}.Release|Any CPU.ActiveCfg = Release|Any CPU
		{FEB9E362-A528-45E6-8EC5-5EBC6241BC50}.Release|Any CPU.Build.0 = Release|Any CPU
		{A50463C1-3C21-4F94-AE66-950F95BB9741}.Debug|Any CPU.ActiveCfg = Debug|Any CPU
		{A50463C1-3C21-4F94-AE66-950F95BB9741}.Debug|Any CPU.Build.0 = Debug|Any CPU
		{A50463C1-3C21-4F94-AE66-950F95BB9741}.Release|Any CPU.ActiveCfg = Release|Any CPU
		{A50463C1-3C21-4F94-AE66-950F95BB9741}.Release|Any CPU.Build.0 = Release|Any CPU
	EndGlobalSection
	GlobalSection(SolutionProperties) = preSolution
		HideSolutionNode = FALSE
	EndGlobalSection
	GlobalSection(ExtensibilityGlobals) = postSolution
		SolutionGuid = {E12EA045-6360-4848-B367-2F60F351DA9F}
	EndGlobalSection
EndGlobal
